
Microsoft Visual Studio Solution File, Format Version 12.00
# Visual Studio Version 16
VisualStudioVersion = 16.0.31702.278
MinimumVisualStudioVersion = 10.0.40219.1
Project("{FAE04EC0-301F-11D3-BF4B-00C04F79EFBC}") = "Barcodes", "Barcodes\Barcodes.csproj", "{7AE85BA5-75FC-4FDB-8D61-8255C8DC9023}"
EndProject
Global
	GlobalSection(SolutionConfigurationPlatforms) = preSolution
		Debug|Any CPU = Debug|Any CPU
		Release|Any CPU = Release|Any CPU
	EndGlobalSection
	GlobalSection(ProjectConfigurationPlatforms) = postSolution
		{7AE85BA5-75FC-4FDB-8D61-8255C8DC9023}.Debug|Any CPU.ActiveCfg = Debug|Any CPU
		{7AE85BA5-75FC-4FDB-8D61-8255C8DC9023}.Debug|Any CPU.Build.0 = Debug|Any CPU
		{7AE85BA5-75FC-4FDB-8D61-8255C8DC9023}.Release|Any CPU.ActiveCfg = Release|Any CPU
		{7AE85BA5-75FC-4FDB-8D61-8255C8DC9023}.Release|Any CPU.Build.0 = Release|Any CPU
	EndGlobalSection
	GlobalSection(SolutionProperties) = preSolution
		HideSolutionNode = FALSE
	EndGlobalSection
	GlobalSection(ExtensibilityGlobals) = postSolution
		SolutionGuid = {689F8B28-BBA4-4DE2-BB4A-C1342D93E1CD}
	EndGlobalSection
EndGlobal
